// !$*UTF8*$!
{
	archiveVersion = 1;
	classes = {
	};
	objectVersion = 56;
	objects = {

/* Begin PBXBuildFile section */
		0D73E99A84C1A45F71748A11 /* Pods_Weather_APP_Weather_APPUITests.framework in Frameworks */ = {isa = PBXBuildFile; fileRef = 5E705FFB4FD6E7B8EEB6B3B1 /* Pods_Weather_APP_Weather_APPUITests.framework */; };
		5C1700042A0BC55800B943C5 /* AppDelegate.swift in Sources */ = {isa = PBXBuildFile; fileRef = 5C1700032A0BC55800B943C5 /* AppDelegate.swift */; };
		5C1700062A0BC55800B943C5 /* SceneDelegate.swift in Sources */ = {isa = PBXBuildFile; fileRef = 5C1700052A0BC55800B943C5 /* SceneDelegate.swift */; };
		5C1700082A0BC55800B943C5 /* ViewController.swift in Sources */ = {isa = PBXBuildFile; fileRef = 5C1700072A0BC55800B943C5 /* ViewController.swift */; };
		5C17000B2A0BC55800B943C5 /* Main.storyboard in Resources */ = {isa = PBXBuildFile; fileRef = 5C1700092A0BC55800B943C5 /* Main.storyboard */; };
		5C17000E2A0BC55800B943C5 /* Weather_APP.xcdatamodeld in Sources */ = {isa = PBXBuildFile; fileRef = 5C17000C2A0BC55800B943C5 /* Weather_APP.xcdatamodeld */; };
		5C1700102A0BC55900B943C5 /* Assets.xcassets in Resources */ = {isa = PBXBuildFile; fileRef = 5C17000F2A0BC55900B943C5 /* Assets.xcassets */; };
		5C1700132A0BC55900B943C5 /* LaunchScreen.storyboard in Resources */ = {isa = PBXBuildFile; fileRef = 5C1700112A0BC55900B943C5 /* LaunchScreen.storyboard */; };
		5C17001E2A0BC55900B943C5 /* Weather_APPTests.swift in Sources */ = {isa = PBXBuildFile; fileRef = 5C17001D2A0BC55900B943C5 /* Weather_APPTests.swift */; };
		5C1700282A0BC55900B943C5 /* Weather_APPUITests.swift in Sources */ = {isa = PBXBuildFile; fileRef = 5C1700272A0BC55900B943C5 /* Weather_APPUITests.swift */; };
		5C17002A2A0BC55900B943C5 /* Weather_APPUITestsLaunchTests.swift in Sources */ = {isa = PBXBuildFile; fileRef = 5C1700292A0BC55900B943C5 /* Weather_APPUITestsLaunchTests.swift */; };
		5C214B522BBAEC2A008BDB9D /* NetworkExtension.swift in Sources */ = {isa = PBXBuildFile; fileRef = 5C214B512BBAEC2A008BDB9D /* NetworkExtension.swift */; };
		5C2A71772A0BCA4D002D90F0 /* NetworkManager.swift in Sources */ = {isa = PBXBuildFile; fileRef = 5C2A71762A0BCA4D002D90F0 /* NetworkManager.swift */; };
		5C2A717B2A0BE770002D90F0 /* MainViewController.swift in Sources */ = {isa = PBXBuildFile; fileRef = 5C2A717A2A0BE770002D90F0 /* MainViewController.swift */; };
		5C2A717D2A0BE77D002D90F0 /* MainViewModel.swift in Sources */ = {isa = PBXBuildFile; fileRef = 5C2A717C2A0BE77D002D90F0 /* MainViewModel.swift */; };
		5C2A71802A0BF032002D90F0 /* WeatherModel.swift in Sources */ = {isa = PBXBuildFile; fileRef = 5C2A717F2A0BF032002D90F0 /* WeatherModel.swift */; };
		5C2E67C32B5672C500FD88B2 /* AirPollutionModel.swift in Sources */ = {isa = PBXBuildFile; fileRef = 5C2E67C22B5672C500FD88B2 /* AirPollutionModel.swift */; };
		5C378DC42A0CA4D900CE3431 /* .gitignore in Resources */ = {isa = PBXBuildFile; fileRef = 5C378DC32A0CA4D900CE3431 /* .gitignore */; };
		5C4F70DD2A0F1FB90057C4F0 /* ForecastWeatherModel.swift in Sources */ = {isa = PBXBuildFile; fileRef = 5C4F70DC2A0F1FB90057C4F0 /* ForecastWeatherModel.swift */; };
		5C4F70E02A0F88AB0057C4F0 /* AlertButton.swift in Sources */ = {isa = PBXBuildFile; fileRef = 5C4F70DF2A0F88AB0057C4F0 /* AlertButton.swift */; };
		5C4F70E32A0FAF400057C4F0 /* WeatherTableViewCell.swift in Sources */ = {isa = PBXBuildFile; fileRef = 5C4F70E22A0FAF400057C4F0 /* WeatherTableViewCell.swift */; };
		5C4F70E52A1025F40057C4F0 /* Double_Extension.swift in Sources */ = {isa = PBXBuildFile; fileRef = 5C4F70E42A1025F40057C4F0 /* Double_Extension.swift */; };
		5C695FD32A0CB01F00A49688 /* APIManager.swift in Sources */ = {isa = PBXBuildFile; fileRef = 5C695FD22A0CB01F00A49688 /* APIManager.swift */; };
		5C75E7542A17BC38007F71F6 /* DetailViewController.swift in Sources */ = {isa = PBXBuildFile; fileRef = 5C75E7532A17BC38007F71F6 /* DetailViewController.swift */; };
		5C75E7562A17BCCB007F71F6 /* DetailViewModel.swift in Sources */ = {isa = PBXBuildFile; fileRef = 5C75E7552A17BCCB007F71F6 /* DetailViewModel.swift */; };
		5C75E7592A18FFFC007F71F6 /* CustomMarkerView.swift in Sources */ = {isa = PBXBuildFile; fileRef = 5C75E7582A18FFFC007F71F6 /* CustomMarkerView.swift */; };
		5C75E75D2A1911C0007F71F6 /* FullBackgroundLottie.json in Resources */ = {isa = PBXBuildFile; fileRef = 5C75E75C2A1911C0007F71F6 /* FullBackgroundLottie.json */; };
		5C75E75F2A1912A8007F71F6 /* backgroundLottie.json in Resources */ = {isa = PBXBuildFile; fileRef = 5C75E75E2A1912A8007F71F6 /* backgroundLottie.json */; };
		5C75E77E2A191FAA007F71F6 /* Happiness-Sans-Regular.otf in Resources */ = {isa = PBXBuildFile; fileRef = 5C75E77B2A191FAA007F71F6 /* Happiness-Sans-Regular.otf */; };
		5C75E77F2A191FAA007F71F6 /* Happiness-Sans-Title.otf in Resources */ = {isa = PBXBuildFile; fileRef = 5C75E77C2A191FAA007F71F6 /* Happiness-Sans-Title.otf */; };
		5C75E7802A191FAA007F71F6 /* Happiness-Sans-Bold.otf in Resources */ = {isa = PBXBuildFile; fileRef = 5C75E77D2A191FAA007F71F6 /* Happiness-Sans-Bold.otf */; };
		5C75E7822A192184007F71F6 /* UIFont_Extension.swift in Sources */ = {isa = PBXBuildFile; fileRef = 5C75E7812A192184007F71F6 /* UIFont_Extension.swift */; };
		5C75E7842A19FA11007F71F6 /* UIColorArr_Extension.swift in Sources */ = {isa = PBXBuildFile; fileRef = 5C75E7832A19FA11007F71F6 /* UIColorArr_Extension.swift */; };
		5C872FAB2A1CD076003C9842 /* WeatherCollectionViewCell.swift in Sources */ = {isa = PBXBuildFile; fileRef = 5C872FAA2A1CD076003C9842 /* WeatherCollectionViewCell.swift */; };
		5CF27C042A11CACF00BA1259 /* String_Extension.swift in Sources */ = {isa = PBXBuildFile; fileRef = 5CF27C032A11CACF00BA1259 /* String_Extension.swift */; };
		5CF394EC2A11B9DB0035AC6E /* Constant.swift in Sources */ = {isa = PBXBuildFile; fileRef = 5CF394EB2A11B9DB0035AC6E /* Constant.swift */; };
		C6E31C6CCF56E07576B3E043 /* Pods_Weather_APPTests.framework in Frameworks */ = {isa = PBXBuildFile; fileRef = 96287B1DB4EADD5942EC390F /* Pods_Weather_APPTests.framework */; };
		F917FD4B9F05DB284E984A0A /* Pods_Weather_APP.framework in Frameworks */ = {isa = PBXBuildFile; fileRef = 59D3740A86AA966D3FA6A2A2 /* Pods_Weather_APP.framework */; };
/* End PBXBuildFile section */

/* Begin PBXContainerItemProxy section */
		5C17001A2A0BC55900B943C5 /* PBXContainerItemProxy */ = {
			isa = PBXContainerItemProxy;
			containerPortal = 5C17FFF82A0BC55800B943C5 /* Project object */;
			proxyType = 1;
			remoteGlobalIDString = 5C17FFFF2A0BC55800B943C5;
			remoteInfo = Weather_APP;
		};
		5C1700242A0BC55900B943C5 /* PBXContainerItemProxy */ = {
			isa = PBXContainerItemProxy;
			containerPortal = 5C17FFF82A0BC55800B943C5 /* Project object */;
			proxyType = 1;
			remoteGlobalIDString = 5C17FFFF2A0BC55800B943C5;
			remoteInfo = Weather_APP;
		};
/* End PBXContainerItemProxy section */

/* Begin PBXFileReference section */
		29FF07757D2EF4BAFA66D3CA /* Pods-Weather_APP-Weather_APPUITests.release.xcconfig */ = {isa = PBXFileReference; includeInIndex = 1; lastKnownFileType = text.xcconfig; name = "Pods-Weather_APP-Weather_APPUITests.release.xcconfig"; path = "Target Support Files/Pods-Weather_APP-Weather_APPUITests/Pods-Weather_APP-Weather_APPUITests.release.xcconfig"; sourceTree = "<group>"; };
		59D3740A86AA966D3FA6A2A2 /* Pods_Weather_APP.framework */ = {isa = PBXFileReference; explicitFileType = wrapper.framework; includeInIndex = 0; path = Pods_Weather_APP.framework; sourceTree = BUILT_PRODUCTS_DIR; };
		5C1700002A0BC55800B943C5 /* Weather_APP.app */ = {isa = PBXFileReference; explicitFileType = wrapper.application; includeInIndex = 0; path = Weather_APP.app; sourceTree = BUILT_PRODUCTS_DIR; };
		5C1700032A0BC55800B943C5 /* AppDelegate.swift */ = {isa = PBXFileReference; lastKnownFileType = sourcecode.swift; path = AppDelegate.swift; sourceTree = "<group>"; };
		5C1700052A0BC55800B943C5 /* SceneDelegate.swift */ = {isa = PBXFileReference; lastKnownFileType = sourcecode.swift; path = SceneDelegate.swift; sourceTree = "<group>"; };
		5C1700072A0BC55800B943C5 /* ViewController.swift */ = {isa = PBXFileReference; lastKnownFileType = sourcecode.swift; path = ViewController.swift; sourceTree = "<group>"; };
		5C17000A2A0BC55800B943C5 /* Base */ = {isa = PBXFileReference; lastKnownFileType = file.storyboard; name = Base; path = Base.lproj/Main.storyboard; sourceTree = "<group>"; };
		5C17000D2A0BC55800B943C5 /* Weather_APP.xcdatamodel */ = {isa = PBXFileReference; lastKnownFileType = wrapper.xcdatamodel; path = Weather_APP.xcdatamodel; sourceTree = "<group>"; };
		5C17000F2A0BC55900B943C5 /* Assets.xcassets */ = {isa = PBXFileReference; lastKnownFileType = folder.assetcatalog; path = Assets.xcassets; sourceTree = "<group>"; };
		5C1700122A0BC55900B943C5 /* Base */ = {isa = PBXFileReference; lastKnownFileType = file.storyboard; name = Base; path = Base.lproj/LaunchScreen.storyboard; sourceTree = "<group>"; };
		5C1700142A0BC55900B943C5 /* Info.plist */ = {isa = PBXFileReference; lastKnownFileType = text.plist.xml; path = Info.plist; sourceTree = "<group>"; };
		5C1700192A0BC55900B943C5 /* Weather_APPTests.xctest */ = {isa = PBXFileReference; explicitFileType = wrapper.cfbundle; includeInIndex = 0; path = Weather_APPTests.xctest; sourceTree = BUILT_PRODUCTS_DIR; };
		5C17001D2A0BC55900B943C5 /* Weather_APPTests.swift */ = {isa = PBXFileReference; lastKnownFileType = sourcecode.swift; path = Weather_APPTests.swift; sourceTree = "<group>"; };
		5C1700232A0BC55900B943C5 /* Weather_APPUITests.xctest */ = {isa = PBXFileReference; explicitFileType = wrapper.cfbundle; includeInIndex = 0; path = Weather_APPUITests.xctest; sourceTree = BUILT_PRODUCTS_DIR; };
		5C1700272A0BC55900B943C5 /* Weather_APPUITests.swift */ = {isa = PBXFileReference; lastKnownFileType = sourcecode.swift; path = Weather_APPUITests.swift; sourceTree = "<group>"; };
		5C1700292A0BC55900B943C5 /* Weather_APPUITestsLaunchTests.swift */ = {isa = PBXFileReference; lastKnownFileType = sourcecode.swift; path = Weather_APPUITestsLaunchTests.swift; sourceTree = "<group>"; };
		5C214B512BBAEC2A008BDB9D /* NetworkExtension.swift */ = {isa = PBXFileReference; lastKnownFileType = sourcecode.swift; path = NetworkExtension.swift; sourceTree = "<group>"; };
		5C2A71762A0BCA4D002D90F0 /* NetworkManager.swift */ = {isa = PBXFileReference; lastKnownFileType = sourcecode.swift; path = NetworkManager.swift; sourceTree = "<group>"; };
		5C2A717A2A0BE770002D90F0 /* MainViewController.swift */ = {isa = PBXFileReference; lastKnownFileType = sourcecode.swift; path = MainViewController.swift; sourceTree = "<group>"; };
		5C2A717C2A0BE77D002D90F0 /* MainViewModel.swift */ = {isa = PBXFileReference; lastKnownFileType = sourcecode.swift; path = MainViewModel.swift; sourceTree = "<group>"; };
		5C2A717F2A0BF032002D90F0 /* WeatherModel.swift */ = {isa = PBXFileReference; lastKnownFileType = sourcecode.swift; path = WeatherModel.swift; sourceTree = "<group>"; };
		5C2A71812A0C97F4002D90F0 /* Config.xcconfig */ = {isa = PBXFileReference; lastKnownFileType = text.xcconfig; path = Config.xcconfig; sourceTree = "<group>"; };
		5C2E67C22B5672C500FD88B2 /* AirPollutionModel.swift */ = {isa = PBXFileReference; lastKnownFileType = sourcecode.swift; path = AirPollutionModel.swift; sourceTree = "<group>"; };
		5C378DC32A0CA4D900CE3431 /* .gitignore */ = {isa = PBXFileReference; lastKnownFileType = text; path = .gitignore; sourceTree = "<group>"; };
		5C4F70DC2A0F1FB90057C4F0 /* ForecastWeatherModel.swift */ = {isa = PBXFileReference; lastKnownFileType = sourcecode.swift; path = ForecastWeatherModel.swift; sourceTree = "<group>"; };
		5C4F70DF2A0F88AB0057C4F0 /* AlertButton.swift */ = {isa = PBXFileReference; lastKnownFileType = sourcecode.swift; path = AlertButton.swift; sourceTree = "<group>"; };
		5C4F70E22A0FAF400057C4F0 /* WeatherTableViewCell.swift */ = {isa = PBXFileReference; lastKnownFileType = sourcecode.swift; path = WeatherTableViewCell.swift; sourceTree = "<group>"; };
		5C4F70E42A1025F40057C4F0 /* Double_Extension.swift */ = {isa = PBXFileReference; lastKnownFileType = sourcecode.swift; path = Double_Extension.swift; sourceTree = "<group>"; };
		5C695FD22A0CB01F00A49688 /* APIManager.swift */ = {isa = PBXFileReference; lastKnownFileType = sourcecode.swift; path = APIManager.swift; sourceTree = "<group>"; };
		5C75E7532A17BC38007F71F6 /* DetailViewController.swift */ = {isa = PBXFileReference; lastKnownFileType = sourcecode.swift; path = DetailViewController.swift; sourceTree = "<group>"; };
		5C75E7552A17BCCB007F71F6 /* DetailViewModel.swift */ = {isa = PBXFileReference; lastKnownFileType = sourcecode.swift; path = DetailViewModel.swift; sourceTree = "<group>"; };
		5C75E7582A18FFFC007F71F6 /* CustomMarkerView.swift */ = {isa = PBXFileReference; lastKnownFileType = sourcecode.swift; path = CustomMarkerView.swift; sourceTree = "<group>"; };
		5C75E75C2A1911C0007F71F6 /* FullBackgroundLottie.json */ = {isa = PBXFileReference; fileEncoding = 4; lastKnownFileType = text.json; path = FullBackgroundLottie.json; sourceTree = "<group>"; };
		5C75E75E2A1912A8007F71F6 /* backgroundLottie.json */ = {isa = PBXFileReference; fileEncoding = 4; lastKnownFileType = text.json; path = backgroundLottie.json; sourceTree = "<group>"; };
		5C75E77B2A191FAA007F71F6 /* Happiness-Sans-Regular.otf */ = {isa = PBXFileReference; lastKnownFileType = file; path = "Happiness-Sans-Regular.otf"; sourceTree = "<group>"; };
		5C75E77C2A191FAA007F71F6 /* Happiness-Sans-Title.otf */ = {isa = PBXFileReference; lastKnownFileType = file; path = "Happiness-Sans-Title.otf"; sourceTree = "<group>"; };
		5C75E77D2A191FAA007F71F6 /* Happiness-Sans-Bold.otf */ = {isa = PBXFileReference; lastKnownFileType = file; path = "Happiness-Sans-Bold.otf"; sourceTree = "<group>"; };
		5C75E7812A192184007F71F6 /* UIFont_Extension.swift */ = {isa = PBXFileReference; lastKnownFileType = sourcecode.swift; path = UIFont_Extension.swift; sourceTree = "<group>"; };
		5C75E7832A19FA11007F71F6 /* UIColorArr_Extension.swift */ = {isa = PBXFileReference; lastKnownFileType = sourcecode.swift; path = UIColorArr_Extension.swift; sourceTree = "<group>"; };
		5C872FAA2A1CD076003C9842 /* WeatherCollectionViewCell.swift */ = {isa = PBXFileReference; lastKnownFileType = sourcecode.swift; path = WeatherCollectionViewCell.swift; sourceTree = "<group>"; };
		5CF27C032A11CACF00BA1259 /* String_Extension.swift */ = {isa = PBXFileReference; lastKnownFileType = sourcecode.swift; path = String_Extension.swift; sourceTree = "<group>"; };
		5CF394EB2A11B9DB0035AC6E /* Constant.swift */ = {isa = PBXFileReference; lastKnownFileType = sourcecode.swift; path = Constant.swift; sourceTree = "<group>"; };
		5E705FFB4FD6E7B8EEB6B3B1 /* Pods_Weather_APP_Weather_APPUITests.framework */ = {isa = PBXFileReference; explicitFileType = wrapper.framework; includeInIndex = 0; path = Pods_Weather_APP_Weather_APPUITests.framework; sourceTree = BUILT_PRODUCTS_DIR; };
		6C91977FFB7E0FBB63C3C18A /* Pods-Weather_APP.release.xcconfig */ = {isa = PBXFileReference; includeInIndex = 1; lastKnownFileType = text.xcconfig; name = "Pods-Weather_APP.release.xcconfig"; path = "Target Support Files/Pods-Weather_APP/Pods-Weather_APP.release.xcconfig"; sourceTree = "<group>"; };
		7AD3B5C44058AE6BE500DCAE /* Pods-Weather_APP-Weather_APPUITests.debug.xcconfig */ = {isa = PBXFileReference; includeInIndex = 1; lastKnownFileType = text.xcconfig; name = "Pods-Weather_APP-Weather_APPUITests.debug.xcconfig"; path = "Target Support Files/Pods-Weather_APP-Weather_APPUITests/Pods-Weather_APP-Weather_APPUITests.debug.xcconfig"; sourceTree = "<group>"; };
		948E831D513A3BD2E0494F30 /* Pods-Weather_APPTests.release.xcconfig */ = {isa = PBXFileReference; includeInIndex = 1; lastKnownFileType = text.xcconfig; name = "Pods-Weather_APPTests.release.xcconfig"; path = "Target Support Files/Pods-Weather_APPTests/Pods-Weather_APPTests.release.xcconfig"; sourceTree = "<group>"; };
		96287B1DB4EADD5942EC390F /* Pods_Weather_APPTests.framework */ = {isa = PBXFileReference; explicitFileType = wrapper.framework; includeInIndex = 0; path = Pods_Weather_APPTests.framework; sourceTree = BUILT_PRODUCTS_DIR; };
		E197D888614FC04FB47CBC63 /* Pods-Weather_APPTests.debug.xcconfig */ = {isa = PBXFileReference; includeInIndex = 1; lastKnownFileType = text.xcconfig; name = "Pods-Weather_APPTests.debug.xcconfig"; path = "Target Support Files/Pods-Weather_APPTests/Pods-Weather_APPTests.debug.xcconfig"; sourceTree = "<group>"; };
		FCC41F27361889AC93E848DC /* Pods-Weather_APP.debug.xcconfig */ = {isa = PBXFileReference; includeInIndex = 1; lastKnownFileType = text.xcconfig; name = "Pods-Weather_APP.debug.xcconfig"; path = "Target Support Files/Pods-Weather_APP/Pods-Weather_APP.debug.xcconfig"; sourceTree = "<group>"; };
/* End PBXFileReference section */

/* Begin PBXFrameworksBuildPhase section */
		5C1700162A0BC55900B943C5 /* Frameworks */ = {
			isa = PBXFrameworksBuildPhase;
			buildActionMask = 2147483647;
			files = (
				C6E31C6CCF56E07576B3E043 /* Pods_Weather_APPTests.framework in Frameworks */,
			);
			runOnlyForDeploymentPostprocessing = 0;
		};
		5C1700202A0BC55900B943C5 /* Frameworks */ = {
			isa = PBXFrameworksBuildPhase;
			buildActionMask = 2147483647;
			files = (
				0D73E99A84C1A45F71748A11 /* Pods_Weather_APP_Weather_APPUITests.framework in Frameworks */,
			);
			runOnlyForDeploymentPostprocessing = 0;
		};
		5C17FFFD2A0BC55800B943C5 /* Frameworks */ = {
			isa = PBXFrameworksBuildPhase;
			buildActionMask = 2147483647;
			files = (
				F917FD4B9F05DB284E984A0A /* Pods_Weather_APP.framework in Frameworks */,
			);
			runOnlyForDeploymentPostprocessing = 0;
		};
/* End PBXFrameworksBuildPhase section */

/* Begin PBXGroup section */
		28DC56B7254CC522DB602146 /* Pods */ = {
			isa = PBXGroup;
			children = (
				FCC41F27361889AC93E848DC /* Pods-Weather_APP.debug.xcconfig */,
				6C91977FFB7E0FBB63C3C18A /* Pods-Weather_APP.release.xcconfig */,
				7AD3B5C44058AE6BE500DCAE /* Pods-Weather_APP-Weather_APPUITests.debug.xcconfig */,
				29FF07757D2EF4BAFA66D3CA /* Pods-Weather_APP-Weather_APPUITests.release.xcconfig */,
				E197D888614FC04FB47CBC63 /* Pods-Weather_APPTests.debug.xcconfig */,
				948E831D513A3BD2E0494F30 /* Pods-Weather_APPTests.release.xcconfig */,
			);
			path = Pods;
			sourceTree = "<group>";
		};
		5C1700012A0BC55800B943C5 /* Products */ = {
			isa = PBXGroup;
			children = (
				5C1700002A0BC55800B943C5 /* Weather_APP.app */,
				5C1700192A0BC55900B943C5 /* Weather_APPTests.xctest */,
				5C1700232A0BC55900B943C5 /* Weather_APPUITests.xctest */,
			);
			name = Products;
			sourceTree = "<group>";
		};
		5C1700022A0BC55800B943C5 /* Weather_APP */ = {
			isa = PBXGroup;
			children = (
				5C75E75C2A1911C0007F71F6 /* FullBackgroundLottie.json */,
				5C75E75E2A1912A8007F71F6 /* backgroundLottie.json */,
				5C75E76E2A191E1A007F71F6 /* Fonts */,
				5C4F70DE2A0F88820057C4F0 /* Common */,
				5C2A717E2A0BEFF7002D90F0 /* Model */,
				5C2A71752A0BCA3A002D90F0 /* Net */,
				5C2A71792A0BE73F002D90F0 /* ViewModel */,
				5C2A71782A0BE729002D90F0 /* View */,
				5C1700032A0BC55800B943C5 /* AppDelegate.swift */,
				5C1700052A0BC55800B943C5 /* SceneDelegate.swift */,
				5C1700072A0BC55800B943C5 /* ViewController.swift */,
				5C1700092A0BC55800B943C5 /* Main.storyboard */,
				5C17000F2A0BC55900B943C5 /* Assets.xcassets */,
				5C1700112A0BC55900B943C5 /* LaunchScreen.storyboard */,
				5C1700142A0BC55900B943C5 /* Info.plist */,
				5C17000C2A0BC55800B943C5 /* Weather_APP.xcdatamodeld */,
				5C2A71812A0C97F4002D90F0 /* Config.xcconfig */,
				5C378DC32A0CA4D900CE3431 /* .gitignore */,
			);
			path = Weather_APP;
			sourceTree = "<group>";
		};
		5C17001C2A0BC55900B943C5 /* Weather_APPTests */ = {
			isa = PBXGroup;
			children = (
				5C17001D2A0BC55900B943C5 /* Weather_APPTests.swift */,
			);
			path = Weather_APPTests;
			sourceTree = "<group>";
		};
		5C1700262A0BC55900B943C5 /* Weather_APPUITests */ = {
			isa = PBXGroup;
			children = (
				5C1700272A0BC55900B943C5 /* Weather_APPUITests.swift */,
				5C1700292A0BC55900B943C5 /* Weather_APPUITestsLaunchTests.swift */,
			);
			path = Weather_APPUITests;
			sourceTree = "<group>";
		};
		5C17FFF72A0BC55800B943C5 = {
			isa = PBXGroup;
			children = (
				5C1700022A0BC55800B943C5 /* Weather_APP */,
				5C17001C2A0BC55900B943C5 /* Weather_APPTests */,
				5C1700262A0BC55900B943C5 /* Weather_APPUITests */,
				5C1700012A0BC55800B943C5 /* Products */,
				28DC56B7254CC522DB602146 /* Pods */,
				5E9E2B1CB961C08ACB74CE84 /* Frameworks */,
			);
			sourceTree = "<group>";
		};
		5C2A71752A0BCA3A002D90F0 /* Net */ = {
			isa = PBXGroup;
			children = (
				5C2A71762A0BCA4D002D90F0 /* NetworkManager.swift */,
				5C695FD22A0CB01F00A49688 /* APIManager.swift */,
				5C214B512BBAEC2A008BDB9D /* NetworkExtension.swift */,
			);
			path = Net;
			sourceTree = "<group>";
		};
		5C2A71782A0BE729002D90F0 /* View */ = {
			isa = PBXGroup;
			children = (
				5C75E7572A18FFEF007F71F6 /* Common */,
				5C4F70E12A0FAF160057C4F0 /* Cell */,
				5C2A717A2A0BE770002D90F0 /* MainViewController.swift */,
				5C75E7532A17BC38007F71F6 /* DetailViewController.swift */,
			);
			path = View;
			sourceTree = "<group>";
		};
		5C2A71792A0BE73F002D90F0 /* ViewModel */ = {
			isa = PBXGroup;
			children = (
				5C2A717C2A0BE77D002D90F0 /* MainViewModel.swift */,
				5C75E7552A17BCCB007F71F6 /* DetailViewModel.swift */,
			);
			path = ViewModel;
			sourceTree = "<group>";
		};
		5C2A717E2A0BEFF7002D90F0 /* Model */ = {
			isa = PBXGroup;
			children = (
				5C2A717F2A0BF032002D90F0 /* WeatherModel.swift */,
				5C4F70DC2A0F1FB90057C4F0 /* ForecastWeatherModel.swift */,
				5C2E67C22B5672C500FD88B2 /* AirPollutionModel.swift */,
			);
			path = Model;
			sourceTree = "<group>";
		};
		5C4F70DE2A0F88820057C4F0 /* Common */ = {
			isa = PBXGroup;
			children = (
				5CF394EB2A11B9DB0035AC6E /* Constant.swift */,
				5C4F70E42A1025F40057C4F0 /* Double_Extension.swift */,
				5CF27C032A11CACF00BA1259 /* String_Extension.swift */,
				5C75E7812A192184007F71F6 /* UIFont_Extension.swift */,
				5C75E7832A19FA11007F71F6 /* UIColorArr_Extension.swift */,
			);
			path = Common;
			sourceTree = "<group>";
		};
		5C4F70E12A0FAF160057C4F0 /* Cell */ = {
			isa = PBXGroup;
			children = (
				5C4F70E22A0FAF400057C4F0 /* WeatherTableViewCell.swift */,
				5C872FAA2A1CD076003C9842 /* WeatherCollectionViewCell.swift */,
			);
			path = Cell;
			sourceTree = "<group>";
		};
		5C75E7572A18FFEF007F71F6 /* Common */ = {
			isa = PBXGroup;
			children = (
				5C4F70DF2A0F88AB0057C4F0 /* AlertButton.swift */,
				5C75E7582A18FFFC007F71F6 /* CustomMarkerView.swift */,
			);
			path = Common;
			sourceTree = "<group>";
		};
		5C75E76E2A191E1A007F71F6 /* Fonts */ = {
			isa = PBXGroup;
			children = (
				5C75E77D2A191FAA007F71F6 /* Happiness-Sans-Bold.otf */,
				5C75E77B2A191FAA007F71F6 /* Happiness-Sans-Regular.otf */,
				5C75E77C2A191FAA007F71F6 /* Happiness-Sans-Title.otf */,
			);
			path = Fonts;
			sourceTree = "<group>";
		};
		5E9E2B1CB961C08ACB74CE84 /* Frameworks */ = {
			isa = PBXGroup;
			children = (
				59D3740A86AA966D3FA6A2A2 /* Pods_Weather_APP.framework */,
				5E705FFB4FD6E7B8EEB6B3B1 /* Pods_Weather_APP_Weather_APPUITests.framework */,
				96287B1DB4EADD5942EC390F /* Pods_Weather_APPTests.framework */,
			);
			name = Frameworks;
			sourceTree = "<group>";
		};
/* End PBXGroup section */

/* Begin PBXNativeTarget section */
		5C1700182A0BC55900B943C5 /* Weather_APPTests */ = {
			isa = PBXNativeTarget;
			buildConfigurationList = 5C1700302A0BC55900B943C5 /* Build configuration list for PBXNativeTarget "Weather_APPTests" */;
			buildPhases = (
				2E8A8EC598B157A7AADD2DEA /* [CP] Check Pods Manifest.lock */,
				5C1700152A0BC55900B943C5 /* Sources */,
				5C1700162A0BC55900B943C5 /* Frameworks */,
				5C1700172A0BC55900B943C5 /* Resources */,
			);
			buildRules = (
			);
			dependencies = (
				5C17001B2A0BC55900B943C5 /* PBXTargetDependency */,
			);
			name = Weather_APPTests;
			productName = Weather_APPTests;
			productReference = 5C1700192A0BC55900B943C5 /* Weather_APPTests.xctest */;
			productType = "com.apple.product-type.bundle.unit-test";
		};
		5C1700222A0BC55900B943C5 /* Weather_APPUITests */ = {
			isa = PBXNativeTarget;
			buildConfigurationList = 5C1700332A0BC55900B943C5 /* Build configuration list for PBXNativeTarget "Weather_APPUITests" */;
			buildPhases = (
				39D040DE7F1DBD8A221BE13D /* [CP] Check Pods Manifest.lock */,
				5C17001F2A0BC55900B943C5 /* Sources */,
				5C1700202A0BC55900B943C5 /* Frameworks */,
				5C1700212A0BC55900B943C5 /* Resources */,
				7ED97282B1FF9C8117FED25D /* [CP] Embed Pods Frameworks */,
			);
			buildRules = (
			);
			dependencies = (
				5C1700252A0BC55900B943C5 /* PBXTargetDependency */,
			);
			name = Weather_APPUITests;
			productName = Weather_APPUITests;
			productReference = 5C1700232A0BC55900B943C5 /* Weather_APPUITests.xctest */;
			productType = "com.apple.product-type.bundle.ui-testing";
		};
		5C17FFFF2A0BC55800B943C5 /* Weather_APP */ = {
			isa = PBXNativeTarget;
			buildConfigurationList = 5C17002D2A0BC55900B943C5 /* Build configuration list for PBXNativeTarget "Weather_APP" */;
			buildPhases = (
				1A64F1717CDD12F4745A0718 /* [CP] Check Pods Manifest.lock */,
				5C17FFFC2A0BC55800B943C5 /* Sources */,
				5C17FFFD2A0BC55800B943C5 /* Frameworks */,
				5C17FFFE2A0BC55800B943C5 /* Resources */,
				48700BC36CBFED11FB6A4F76 /* [CP] Embed Pods Frameworks */,
			);
			buildRules = (
			);
			dependencies = (
			);
			name = Weather_APP;
			productName = Weather_APP;
			productReference = 5C1700002A0BC55800B943C5 /* Weather_APP.app */;
			productType = "com.apple.product-type.application";
		};
/* End PBXNativeTarget section */

/* Begin PBXProject section */
		5C17FFF82A0BC55800B943C5 /* Project object */ = {
			isa = PBXProject;
			attributes = {
				BuildIndependentTargetsInParallel = 1;
				LastSwiftUpdateCheck = 1430;
				LastUpgradeCheck = 1430;
				TargetAttributes = {
					5C1700182A0BC55900B943C5 = {
						CreatedOnToolsVersion = 14.3;
						TestTargetID = 5C17FFFF2A0BC55800B943C5;
					};
					5C1700222A0BC55900B943C5 = {
						CreatedOnToolsVersion = 14.3;
						TestTargetID = 5C17FFFF2A0BC55800B943C5;
					};
					5C17FFFF2A0BC55800B943C5 = {
						CreatedOnToolsVersion = 14.3;
					};
				};
			};
			buildConfigurationList = 5C17FFFB2A0BC55800B943C5 /* Build configuration list for PBXProject "Weather_APP" */;
			compatibilityVersion = "Xcode 14.0";
			developmentRegion = en;
			hasScannedForEncodings = 0;
			knownRegions = (
				en,
				Base,
			);
			mainGroup = 5C17FFF72A0BC55800B943C5;
			productRefGroup = 5C1700012A0BC55800B943C5 /* Products */;
			projectDirPath = "";
			projectRoot = "";
			targets = (
				5C17FFFF2A0BC55800B943C5 /* Weather_APP */,
				5C1700182A0BC55900B943C5 /* Weather_APPTests */,
				5C1700222A0BC55900B943C5 /* Weather_APPUITests */,
			);
		};
/* End PBXProject section */

/* Begin PBXResourcesBuildPhase section */
		5C1700172A0BC55900B943C5 /* Resources */ = {
			isa = PBXResourcesBuildPhase;
			buildActionMask = 2147483647;
			files = (
			);
			runOnlyForDeploymentPostprocessing = 0;
		};
		5C1700212A0BC55900B943C5 /* Resources */ = {
			isa = PBXResourcesBuildPhase;
			buildActionMask = 2147483647;
			files = (
			);
			runOnlyForDeploymentPostprocessing = 0;
		};
		5C17FFFE2A0BC55800B943C5 /* Resources */ = {
			isa = PBXResourcesBuildPhase;
			buildActionMask = 2147483647;
			files = (
				5C75E75F2A1912A8007F71F6 /* backgroundLottie.json in Resources */,
				5C75E7802A191FAA007F71F6 /* Happiness-Sans-Bold.otf in Resources */,
				5C378DC42A0CA4D900CE3431 /* .gitignore in Resources */,
				5C1700132A0BC55900B943C5 /* LaunchScreen.storyboard in Resources */,
				5C75E77F2A191FAA007F71F6 /* Happiness-Sans-Title.otf in Resources */,
				5C75E75D2A1911C0007F71F6 /* FullBackgroundLottie.json in Resources */,
				5C1700102A0BC55900B943C5 /* Assets.xcassets in Resources */,
				5C75E77E2A191FAA007F71F6 /* Happiness-Sans-Regular.otf in Resources */,
				5C17000B2A0BC55800B943C5 /* Main.storyboard in Resources */,
			);
			runOnlyForDeploymentPostprocessing = 0;
		};
/* End PBXResourcesBuildPhase section */

/* Begin PBXShellScriptBuildPhase section */
		1A64F1717CDD12F4745A0718 /* [CP] Check Pods Manifest.lock */ = {
			isa = PBXShellScriptBuildPhase;
			buildActionMask = 2147483647;
			files = (
			);
			inputFileListPaths = (
			);
			inputPaths = (
				"${PODS_PODFILE_DIR_PATH}/Podfile.lock",
				"${PODS_ROOT}/Manifest.lock",
			);
			name = "[CP] Check Pods Manifest.lock";
			outputFileListPaths = (
			);
			outputPaths = (
				"$(DERIVED_FILE_DIR)/Pods-Weather_APP-checkManifestLockResult.txt",
			);
			runOnlyForDeploymentPostprocessing = 0;
			shellPath = /bin/sh;
			shellScript = "diff \"${PODS_PODFILE_DIR_PATH}/Podfile.lock\" \"${PODS_ROOT}/Manifest.lock\" > /dev/null\nif [ $? != 0 ] ; then\n    # print error to STDERR\n    echo \"error: The sandbox is not in sync with the Podfile.lock. Run 'pod install' or update your CocoaPods installation.\" >&2\n    exit 1\nfi\n# This output is used by Xcode 'outputs' to avoid re-running this script phase.\necho \"SUCCESS\" > \"${SCRIPT_OUTPUT_FILE_0}\"\n";
			showEnvVarsInLog = 0;
		};
		2E8A8EC598B157A7AADD2DEA /* [CP] Check Pods Manifest.lock */ = {
			isa = PBXShellScriptBuildPhase;
			buildActionMask = 2147483647;
			files = (
			);
			inputFileListPaths = (
			);
			inputPaths = (
				"${PODS_PODFILE_DIR_PATH}/Podfile.lock",
				"${PODS_ROOT}/Manifest.lock",
			);
			name = "[CP] Check Pods Manifest.lock";
			outputFileListPaths = (
			);
			outputPaths = (
				"$(DERIVED_FILE_DIR)/Pods-Weather_APPTests-checkManifestLockResult.txt",
			);
			runOnlyForDeploymentPostprocessing = 0;
			shellPath = /bin/sh;
			shellScript = "diff \"${PODS_PODFILE_DIR_PATH}/Podfile.lock\" \"${PODS_ROOT}/Manifest.lock\" > /dev/null\nif [ $? != 0 ] ; then\n    # print error to STDERR\n    echo \"error: The sandbox is not in sync with the Podfile.lock. Run 'pod install' or update your CocoaPods installation.\" >&2\n    exit 1\nfi\n# This output is used by Xcode 'outputs' to avoid re-running this script phase.\necho \"SUCCESS\" > \"${SCRIPT_OUTPUT_FILE_0}\"\n";
			showEnvVarsInLog = 0;
		};
		39D040DE7F1DBD8A221BE13D /* [CP] Check Pods Manifest.lock */ = {
			isa = PBXShellScriptBuildPhase;
			buildActionMask = 2147483647;
			files = (
			);
			inputFileListPaths = (
			);
			inputPaths = (
				"${PODS_PODFILE_DIR_PATH}/Podfile.lock",
				"${PODS_ROOT}/Manifest.lock",
			);
			name = "[CP] Check Pods Manifest.lock";
			outputFileListPaths = (
			);
			outputPaths = (
				"$(DERIVED_FILE_DIR)/Pods-Weather_APP-Weather_APPUITests-checkManifestLockResult.txt",
			);
			runOnlyForDeploymentPostprocessing = 0;
			shellPath = /bin/sh;
			shellScript = "diff \"${PODS_PODFILE_DIR_PATH}/Podfile.lock\" \"${PODS_ROOT}/Manifest.lock\" > /dev/null\nif [ $? != 0 ] ; then\n    # print error to STDERR\n    echo \"error: The sandbox is not in sync with the Podfile.lock. Run 'pod install' or update your CocoaPods installation.\" >&2\n    exit 1\nfi\n# This output is used by Xcode 'outputs' to avoid re-running this script phase.\necho \"SUCCESS\" > \"${SCRIPT_OUTPUT_FILE_0}\"\n";
			showEnvVarsInLog = 0;
		};
		48700BC36CBFED11FB6A4F76 /* [CP] Embed Pods Frameworks */ = {
			isa = PBXShellScriptBuildPhase;
			buildActionMask = 2147483647;
			files = (
			);
			inputFileListPaths = (
				"${PODS_ROOT}/Target Support Files/Pods-Weather_APP/Pods-Weather_APP-frameworks-${CONFIGURATION}-input-files.xcfilelist",
			);
			name = "[CP] Embed Pods Frameworks";
			outputFileListPaths = (
				"${PODS_ROOT}/Target Support Files/Pods-Weather_APP/Pods-Weather_APP-frameworks-${CONFIGURATION}-output-files.xcfilelist",
			);
			runOnlyForDeploymentPostprocessing = 0;
			shellPath = /bin/sh;
			shellScript = "\"${PODS_ROOT}/Target Support Files/Pods-Weather_APP/Pods-Weather_APP-frameworks.sh\"\n";
			showEnvVarsInLog = 0;
		};
		7ED97282B1FF9C8117FED25D /* [CP] Embed Pods Frameworks */ = {
			isa = PBXShellScriptBuildPhase;
			buildActionMask = 2147483647;
			files = (
			);
			inputFileListPaths = (
				"${PODS_ROOT}/Target Support Files/Pods-Weather_APP-Weather_APPUITests/Pods-Weather_APP-Weather_APPUITests-frameworks-${CONFIGURATION}-input-files.xcfilelist",
			);
			name = "[CP] Embed Pods Frameworks";
			outputFileListPaths = (
				"${PODS_ROOT}/Target Support Files/Pods-Weather_APP-Weather_APPUITests/Pods-Weather_APP-Weather_APPUITests-frameworks-${CONFIGURATION}-output-files.xcfilelist",
			);
			runOnlyForDeploymentPostprocessing = 0;
			shellPath = /bin/sh;
			shellScript = "\"${PODS_ROOT}/Target Support Files/Pods-Weather_APP-Weather_APPUITests/Pods-Weather_APP-Weather_APPUITests-frameworks.sh\"\n";
			showEnvVarsInLog = 0;
		};
/* End PBXShellScriptBuildPhase section */

/* Begin PBXSourcesBuildPhase section */
		5C1700152A0BC55900B943C5 /* Sources */ = {
			isa = PBXSourcesBuildPhase;
			buildActionMask = 2147483647;
			files = (
				5C17001E2A0BC55900B943C5 /* Weather_APPTests.swift in Sources */,
			);
			runOnlyForDeploymentPostprocessing = 0;
		};
		5C17001F2A0BC55900B943C5 /* Sources */ = {
			isa = PBXSourcesBuildPhase;
			buildActionMask = 2147483647;
			files = (
				5C1700282A0BC55900B943C5 /* Weather_APPUITests.swift in Sources */,
				5C17002A2A0BC55900B943C5 /* Weather_APPUITestsLaunchTests.swift in Sources */,
			);
			runOnlyForDeploymentPostprocessing = 0;
		};
		5C17FFFC2A0BC55800B943C5 /* Sources */ = {
			isa = PBXSourcesBuildPhase;
			buildActionMask = 2147483647;
			files = (
				5C75E7562A17BCCB007F71F6 /* DetailViewModel.swift in Sources */,
				5C4F70E32A0FAF400057C4F0 /* WeatherTableViewCell.swift in Sources */,
				5C2A717D2A0BE77D002D90F0 /* MainViewModel.swift in Sources */,
				5C214B522BBAEC2A008BDB9D /* NetworkExtension.swift in Sources */,
				5C4F70E52A1025F40057C4F0 /* Double_Extension.swift in Sources */,
				5C17000E2A0BC55800B943C5 /* Weather_APP.xcdatamodeld in Sources */,
				5C75E7842A19FA11007F71F6 /* UIColorArr_Extension.swift in Sources */,
				5C872FAB2A1CD076003C9842 /* WeatherCollectionViewCell.swift in Sources */,
				5CF27C042A11CACF00BA1259 /* String_Extension.swift in Sources */,
				5C1700082A0BC55800B943C5 /* ViewController.swift in Sources */,
				5C2E67C32B5672C500FD88B2 /* AirPollutionModel.swift in Sources */,
				5C695FD32A0CB01F00A49688 /* APIManager.swift in Sources */,
				5C75E7542A17BC38007F71F6 /* DetailViewController.swift in Sources */,
				5C2A71772A0BCA4D002D90F0 /* NetworkManager.swift in Sources */,
				5C75E7822A192184007F71F6 /* UIFont_Extension.swift in Sources */,
				5CF394EC2A11B9DB0035AC6E /* Constant.swift in Sources */,
				5C75E7592A18FFFC007F71F6 /* CustomMarkerView.swift in Sources */,
				5C4F70DD2A0F1FB90057C4F0 /* ForecastWeatherModel.swift in Sources */,
				5C2A717B2A0BE770002D90F0 /* MainViewController.swift in Sources */,
				5C1700042A0BC55800B943C5 /* AppDelegate.swift in Sources */,
				5C4F70E02A0F88AB0057C4F0 /* AlertButton.swift in Sources */,
				5C2A71802A0BF032002D90F0 /* WeatherModel.swift in Sources */,
				5C1700062A0BC55800B943C5 /* SceneDelegate.swift in Sources */,
			);
			runOnlyForDeploymentPostprocessing = 0;
		};
/* End PBXSourcesBuildPhase section */

/* Begin PBXTargetDependency section */
		5C17001B2A0BC55900B943C5 /* PBXTargetDependency */ = {
			isa = PBXTargetDependency;
			target = 5C17FFFF2A0BC55800B943C5 /* Weather_APP */;
			targetProxy = 5C17001A2A0BC55900B943C5 /* PBXContainerItemProxy */;
		};
		5C1700252A0BC55900B943C5 /* PBXTargetDependency */ = {
			isa = PBXTargetDependency;
			target = 5C17FFFF2A0BC55800B943C5 /* Weather_APP */;
			targetProxy = 5C1700242A0BC55900B943C5 /* PBXContainerItemProxy */;
		};
/* End PBXTargetDependency section */

/* Begin PBXVariantGroup section */
		5C1700092A0BC55800B943C5 /* Main.storyboard */ = {
			isa = PBXVariantGroup;
			children = (
				5C17000A2A0BC55800B943C5 /* Base */,
			);
			name = Main.storyboard;
			sourceTree = "<group>";
		};
		5C1700112A0BC55900B943C5 /* LaunchScreen.storyboard */ = {
			isa = PBXVariantGroup;
			children = (
				5C1700122A0BC55900B943C5 /* Base */,
			);
			name = LaunchScreen.storyboard;
			sourceTree = "<group>";
		};
/* End PBXVariantGroup section */

/* Begin XCBuildConfiguration section */
		5C17002B2A0BC55900B943C5 /* Debug */ = {
			isa = XCBuildConfiguration;
			baseConfigurationReference = 5C2A71812A0C97F4002D90F0 /* Config.xcconfig */;
			buildSettings = {
				ALWAYS_SEARCH_USER_PATHS = NO;
				CLANG_ANALYZER_NONNULL = YES;
				CLANG_ANALYZER_NUMBER_OBJECT_CONVERSION = YES_AGGRESSIVE;
				CLANG_CXX_LANGUAGE_STANDARD = "gnu++20";
				CLANG_ENABLE_MODULES = YES;
				CLANG_ENABLE_OBJC_ARC = YES;
				CLANG_ENABLE_OBJC_WEAK = YES;
				CLANG_WARN_BLOCK_CAPTURE_AUTORELEASING = YES;
				CLANG_WARN_BOOL_CONVERSION = YES;
				CLANG_WARN_COMMA = YES;
				CLANG_WARN_CONSTANT_CONVERSION = YES;
				CLANG_WARN_DEPRECATED_OBJC_IMPLEMENTATIONS = YES;
				CLANG_WARN_DIRECT_OBJC_ISA_USAGE = YES_ERROR;
				CLANG_WARN_DOCUMENTATION_COMMENTS = YES;
				CLANG_WARN_EMPTY_BODY = YES;
				CLANG_WARN_ENUM_CONVERSION = YES;
				CLANG_WARN_INFINITE_RECURSION = YES;
				CLANG_WARN_INT_CONVERSION = YES;
				CLANG_WARN_NON_LITERAL_NULL_CONVERSION = YES;
				CLANG_WARN_OBJC_IMPLICIT_RETAIN_SELF = YES;
				CLANG_WARN_OBJC_LITERAL_CONVERSION = YES;
				CLANG_WARN_OBJC_ROOT_CLASS = YES_ERROR;
				CLANG_WARN_QUOTED_INCLUDE_IN_FRAMEWORK_HEADER = YES;
				CLANG_WARN_RANGE_LOOP_ANALYSIS = YES;
				CLANG_WARN_STRICT_PROTOTYPES = YES;
				CLANG_WARN_SUSPICIOUS_MOVE = YES;
				CLANG_WARN_UNGUARDED_AVAILABILITY = YES_AGGRESSIVE;
				CLANG_WARN_UNREACHABLE_CODE = YES;
				CLANG_WARN__DUPLICATE_METHOD_MATCH = YES;
				COPY_PHASE_STRIP = NO;
				DEBUG_INFORMATION_FORMAT = dwarf;
				ENABLE_STRICT_OBJC_MSGSEND = YES;
				ENABLE_TESTABILITY = YES;
				GCC_C_LANGUAGE_STANDARD = gnu11;
				GCC_DYNAMIC_NO_PIC = NO;
				GCC_NO_COMMON_BLOCKS = YES;
				GCC_OPTIMIZATION_LEVEL = 0;
				GCC_PREPROCESSOR_DEFINITIONS = (
					"DEBUG=1",
					"$(inherited)",
				);
				GCC_WARN_64_TO_32_BIT_CONVERSION = YES;
				GCC_WARN_ABOUT_RETURN_TYPE = YES_ERROR;
				GCC_WARN_UNDECLARED_SELECTOR = YES;
				GCC_WARN_UNINITIALIZED_AUTOS = YES_AGGRESSIVE;
				GCC_WARN_UNUSED_FUNCTION = YES;
				GCC_WARN_UNUSED_VARIABLE = YES;
				IPHONEOS_DEPLOYMENT_TARGET = 16.4;
				MTL_ENABLE_DEBUG_INFO = INCLUDE_SOURCE;
				MTL_FAST_MATH = YES;
				ONLY_ACTIVE_ARCH = YES;
				SDKROOT = iphoneos;
				SWIFT_ACTIVE_COMPILATION_CONDITIONS = DEBUG;
				SWIFT_OPTIMIZATION_LEVEL = "-Onone";
			};
			name = Debug;
		};
		5C17002C2A0BC55900B943C5 /* Release */ = {
			isa = XCBuildConfiguration;
			buildSettings = {
				ALWAYS_SEARCH_USER_PATHS = NO;
				CLANG_ANALYZER_NONNULL = YES;
				CLANG_ANALYZER_NUMBER_OBJECT_CONVERSION = YES_AGGRESSIVE;
				CLANG_CXX_LANGUAGE_STANDARD = "gnu++20";
				CLANG_ENABLE_MODULES = YES;
				CLANG_ENABLE_OBJC_ARC = YES;
				CLANG_ENABLE_OBJC_WEAK = YES;
				CLANG_WARN_BLOCK_CAPTURE_AUTORELEASING = YES;
				CLANG_WARN_BOOL_CONVERSION = YES;
				CLANG_WARN_COMMA = YES;
				CLANG_WARN_CONSTANT_CONVERSION = YES;
				CLANG_WARN_DEPRECATED_OBJC_IMPLEMENTATIONS = YES;
				CLANG_WARN_DIRECT_OBJC_ISA_USAGE = YES_ERROR;
				CLANG_WARN_DOCUMENTATION_COMMENTS = YES;
				CLANG_WARN_EMPTY_BODY = YES;
				CLANG_WARN_ENUM_CONVERSION = YES;
				CLANG_WARN_INFINITE_RECURSION = YES;
				CLANG_WARN_INT_CONVERSION = YES;
				CLANG_WARN_NON_LITERAL_NULL_CONVERSION = YES;
				CLANG_WARN_OBJC_IMPLICIT_RETAIN_SELF = YES;
				CLANG_WARN_OBJC_LITERAL_CONVERSION = YES;
				CLANG_WARN_OBJC_ROOT_CLASS = YES_ERROR;
				CLANG_WARN_QUOTED_INCLUDE_IN_FRAMEWORK_HEADER = YES;
				CLANG_WARN_RANGE_LOOP_ANALYSIS = YES;
				CLANG_WARN_STRICT_PROTOTYPES = YES;
				CLANG_WARN_SUSPICIOUS_MOVE = YES;
				CLANG_WARN_UNGUARDED_AVAILABILITY = YES_AGGRESSIVE;
				CLANG_WARN_UNREACHABLE_CODE = YES;
				CLANG_WARN__DUPLICATE_METHOD_MATCH = YES;
				COPY_PHASE_STRIP = NO;
				DEBUG_INFORMATION_FORMAT = "dwarf-with-dsym";
				ENABLE_NS_ASSERTIONS = NO;
				ENABLE_STRICT_OBJC_MSGSEND = YES;
				GCC_C_LANGUAGE_STANDARD = gnu11;
				GCC_NO_COMMON_BLOCKS = YES;
				GCC_WARN_64_TO_32_BIT_CONVERSION = YES;
				GCC_WARN_ABOUT_RETURN_TYPE = YES_ERROR;
				GCC_WARN_UNDECLARED_SELECTOR = YES;
				GCC_WARN_UNINITIALIZED_AUTOS = YES_AGGRESSIVE;
				GCC_WARN_UNUSED_FUNCTION = YES;
				GCC_WARN_UNUSED_VARIABLE = YES;
				IPHONEOS_DEPLOYMENT_TARGET = 16.4;
				MTL_ENABLE_DEBUG_INFO = NO;
				MTL_FAST_MATH = YES;
				SDKROOT = iphoneos;
				SWIFT_COMPILATION_MODE = wholemodule;
				SWIFT_OPTIMIZATION_LEVEL = "-O";
				VALIDATE_PRODUCT = YES;
			};
			name = Release;
		};
		5C17002E2A0BC55900B943C5 /* Debug */ = {
			isa = XCBuildConfiguration;
			baseConfigurationReference = FCC41F27361889AC93E848DC /* Pods-Weather_APP.debug.xcconfig */;
			buildSettings = {
				ASSETCATALOG_COMPILER_APPICON_NAME = AppIcon;
				ASSETCATALOG_COMPILER_GLOBAL_ACCENT_COLOR_NAME = AccentColor;
				CODE_SIGN_STYLE = Automatic;
				CURRENT_PROJECT_VERSION = 1;
				DEVELOPMENT_TEAM = JH3P7U29VC;
				GENERATE_INFOPLIST_FILE = YES;
				INFOPLIST_FILE = Weather_APP/Info.plist;
				INFOPLIST_KEY_UIApplicationSupportsIndirectInputEvents = YES;
				INFOPLIST_KEY_UILaunchStoryboardName = LaunchScreen;
				INFOPLIST_KEY_UIMainStoryboardFile = Main;
				INFOPLIST_KEY_UIStatusBarStyle = "";
				INFOPLIST_KEY_UISupportedInterfaceOrientations = UIInterfaceOrientationPortrait;
				INFOPLIST_KEY_UISupportedInterfaceOrientations_iPad = "UIInterfaceOrientationLandscapeLeft UIInterfaceOrientationLandscapeRight UIInterfaceOrientationPortrait UIInterfaceOrientationPortraitUpsideDown";
				IPHONEOS_DEPLOYMENT_TARGET = 14.0;
				LD_RUNPATH_SEARCH_PATHS = (
					"$(inherited)",
					"@executable_path/Frameworks",
				);
				MARKETING_VERSION = 1.0;
				PRODUCT_BUNDLE_IDENTIFIER = "JSM.Weather-APP";
				PRODUCT_NAME = "$(TARGET_NAME)";
				SWIFT_EMIT_LOC_STRINGS = YES;
				SWIFT_VERSION = 5.0;
				TARGETED_DEVICE_FAMILY = "1,2";
			};
			name = Debug;
		};
		5C17002F2A0BC55900B943C5 /* Release */ = {
			isa = XCBuildConfiguration;
			baseConfigurationReference = 6C91977FFB7E0FBB63C3C18A /* Pods-Weather_APP.release.xcconfig */;
			buildSettings = {
				ASSETCATALOG_COMPILER_APPICON_NAME = AppIcon;
				ASSETCATALOG_COMPILER_GLOBAL_ACCENT_COLOR_NAME = AccentColor;
				CODE_SIGN_STYLE = Automatic;
				CURRENT_PROJECT_VERSION = 1;
				DEVELOPMENT_TEAM = JH3P7U29VC;
				GENERATE_INFOPLIST_FILE = YES;
				INFOPLIST_FILE = Weather_APP/Info.plist;
				INFOPLIST_KEY_UIApplicationSupportsIndirectInputEvents = YES;
				INFOPLIST_KEY_UILaunchStoryboardName = LaunchScreen;
				INFOPLIST_KEY_UIMainStoryboardFile = Main;
				INFOPLIST_KEY_UIStatusBarStyle = "";
				INFOPLIST_KEY_UISupportedInterfaceOrientations = UIInterfaceOrientationPortrait;
				INFOPLIST_KEY_UISupportedInterfaceOrientations_iPad = "UIInterfaceOrientationLandscapeLeft UIInterfaceOrientationLandscapeRight UIInterfaceOrientationPortrait UIInterfaceOrientationPortraitUpsideDown";
				IPHONEOS_DEPLOYMENT_TARGET = 14.0;
				LD_RUNPATH_SEARCH_PATHS = (
					"$(inherited)",
					"@executable_path/Frameworks",
				);
				MARKETING_VERSION = 1.0;
				PRODUCT_BUNDLE_IDENTIFIER = "JSM.Weather-APP";
				PRODUCT_NAME = "$(TARGET_NAME)";
				SWIFT_EMIT_LOC_STRINGS = YES;
				SWIFT_VERSION = 5.0;
				TARGETED_DEVICE_FAMILY = "1,2";
			};
			name = Release;
		};
		5C1700312A0BC55900B943C5 /* Debug */ = {
			isa = XCBuildConfiguration;
			baseConfigurationReference = E197D888614FC04FB47CBC63 /* Pods-Weather_APPTests.debug.xcconfig */;
			buildSettings = {
				ALWAYS_EMBED_SWIFT_STANDARD_LIBRARIES = YES;
				BUNDLE_LOADER = "$(TEST_HOST)";
				CODE_SIGN_STYLE = Automatic;
				CURRENT_PROJECT_VERSION = 1;
				DEVELOPMENT_TEAM = JH3P7U29VC;
				GENERATE_INFOPLIST_FILE = YES;
				IPHONEOS_DEPLOYMENT_TARGET = 16.4;
				MARKETING_VERSION = 1.0;
				PRODUCT_BUNDLE_IDENTIFIER = "JSM.Weather-APPTests";
				PRODUCT_NAME = "$(TARGET_NAME)";
				SWIFT_EMIT_LOC_STRINGS = NO;
				SWIFT_VERSION = 5.0;
				TARGETED_DEVICE_FAMILY = "1,2";
				TEST_HOST = "$(BUILT_PRODUCTS_DIR)/Weather_APP.app/$(BUNDLE_EXECUTABLE_FOLDER_PATH)/Weather_APP";
			};
			name = Debug;
		};
		5C1700322A0BC55900B943C5 /* Release */ = {
			isa = XCBuildConfiguration;
			baseConfigurationReference = 948E831D513A3BD2E0494F30 /* Pods-Weather_APPTests.release.xcconfig */;
			buildSettings = {
				ALWAYS_EMBED_SWIFT_STANDARD_LIBRARIES = YES;
				BUNDLE_LOADER = "$(TEST_HOST)";
				CODE_SIGN_STYLE = Automatic;
				CURRENT_PROJECT_VERSION = 1;
				DEVELOPMENT_TEAM = JH3P7U29VC;
				GENERATE_INFOPLIST_FILE = YES;
				IPHONEOS_DEPLOYMENT_TARGET = 16.4;
				MARKETING_VERSION = 1.0;
				PRODUCT_BUNDLE_IDENTIFIER = "JSM.Weather-APPTests";
				PRODUCT_NAME = "$(TARGET_NAME)";
				SWIFT_EMIT_LOC_STRINGS = NO;
				SWIFT_VERSION = 5.0;
				TARGETED_DEVICE_FAMILY = "1,2";
				TEST_HOST = "$(BUILT_PRODUCTS_DIR)/Weather_APP.app/$(BUNDLE_EXECUTABLE_FOLDER_PATH)/Weather_APP";
			};
			name = Release;
		};
		5C1700342A0BC55900B943C5 /* Debug */ = {
			isa = XCBuildConfiguration;
			baseConfigurationReference = 7AD3B5C44058AE6BE500DCAE /* Pods-Weather_APP-Weather_APPUITests.debug.xcconfig */;
			buildSettings = {
				ALWAYS_EMBED_SWIFT_STANDARD_LIBRARIES = YES;
				CODE_SIGN_STYLE = Automatic;
				CURRENT_PROJECT_VERSION = 1;
				DEVELOPMENT_TEAM = JH3P7U29VC;
				GENERATE_INFOPLIST_FILE = YES;
				MARKETING_VERSION = 1.0;
				PRODUCT_BUNDLE_IDENTIFIER = "JSM.Weather-APPUITests";
				PRODUCT_NAME = "$(TARGET_NAME)";
				SWIFT_EMIT_LOC_STRINGS = NO;
				SWIFT_VERSION = 5.0;
				TARGETED_DEVICE_FAMILY = "1,2";
				TEST_TARGET_NAME = Weather_APP;
			};
			name = Debug;
		};
		5C1700352A0BC55900B943C5 /* Release */ = {
			isa = XCBuildConfiguration;
			baseConfigurationReference = 29FF07757D2EF4BAFA66D3CA /* Pods-Weather_APP-Weather_APPUITests.release.xcconfig */;
			buildSettings = {
				ALWAYS_EMBED_SWIFT_STANDARD_LIBRARIES = YES;
				CODE_SIGN_STYLE = Automatic;
				CURRENT_PROJECT_VERSION = 1;
				DEVELOPMENT_TEAM = JH3P7U29VC;
				GENERATE_INFOPLIST_FILE = YES;
				MARKETING_VERSION = 1.0;
				PRODUCT_BUNDLE_IDENTIFIER = "JSM.Weather-APPUITests";
				PRODUCT_NAME = "$(TARGET_NAME)";
				SWIFT_EMIT_LOC_STRINGS = NO;
				SWIFT_VERSION = 5.0;
				TARGETED_DEVICE_FAMILY = "1,2";
				TEST_TARGET_NAME = Weather_APP;
			};
			name = Release;
		};
/* End XCBuildConfiguration section */

/* Begin XCConfigurationList section */
		5C17002D2A0BC55900B943C5 /* Build configuration list for PBXNativeTarget "Weather_APP" */ = {
			isa = XCConfigurationList;
			buildConfigurations = (
				5C17002E2A0BC55900B943C5 /* Debug */,
				5C17002F2A0BC55900B943C5 /* Release */,
			);
			defaultConfigurationIsVisible = 0;
			defaultConfigurationName = Release;
		};
		5C1700302A0BC55900B943C5 /* Build configuration list for PBXNativeTarget "Weather_APPTests" */ = {
			isa = XCConfigurationList;
			buildConfigurations = (
				5C1700312A0BC55900B943C5 /* Debug */,
				5C1700322A0BC55900B943C5 /* Release */,
			);
			defaultConfigurationIsVisible = 0;
			defaultConfigurationName = Release;
		};
		5C1700332A0BC55900B943C5 /* Build configuration list for PBXNativeTarget "Weather_APPUITests" */ = {
			isa = XCConfigurationList;
			buildConfigurations = (
				5C1700342A0BC55900B943C5 /* Debug */,
				5C1700352A0BC55900B943C5 /* Release */,
			);
			defaultConfigurationIsVisible = 0;
			defaultConfigurationName = Release;
		};
		5C17FFFB2A0BC55800B943C5 /* Build configuration list for PBXProject "Weather_APP" */ = {
			isa = XCConfigurationList;
			buildConfigurations = (
				5C17002B2A0BC55900B943C5 /* Debug */,
				5C17002C2A0BC55900B943C5 /* Release */,
			);
			defaultConfigurationIsVisible = 0;
			defaultConfigurationName = Release;
		};
/* End XCConfigurationList section */

/* Begin XCVersionGroup section */
		5C17000C2A0BC55800B943C5 /* Weather_APP.xcdatamodeld */ = {
			isa = XCVersionGroup;
			children = (
				5C17000D2A0BC55800B943C5 /* Weather_APP.xcdatamodel */,
			);
			currentVersion = 5C17000D2A0BC55800B943C5 /* Weather_APP.xcdatamodel */;
			path = Weather_APP.xcdatamodeld;
			sourceTree = "<group>";
			versionGroupType = wrapper.xcdatamodel;
		};
/* End XCVersionGroup section */
	};
	rootObject = 5C17FFF82A0BC55800B943C5 /* Project object */;
}
